
Microsoft Visual Studio Solution File, Format Version 12.00
# Visual Studio Version 17
VisualStudioVersion = 17.5.33414.496
MinimumVisualStudioVersion = 10.0.40219.1
Project("{9A19103F-16F7-4668-BE54-9A1E7A4F7556}") = "WinBooster WPF", "WinBooster WPF\WinBooster WPF.csproj", "{8B4D5631-4E87-462C-8B79-CC2798135D79}"
EndProject
Project("{9A19103F-16F7-4668-BE54-9A1E7A4F7556}") = "DataBase Adder", "DataBase Adder\DataBase Adder.csproj", "{854EE189-1AB9-4BAC-B3E3-A8C45AA4197D}"
EndProject
Project("{9A19103F-16F7-4668-BE54-9A1E7A4F7556}") = "WinBoosterNative", "WinBoosterNative\WinBoosterNative.csproj", "{EAC06E50-9817-41BE-BFEB-1AC58D0EA2ED}"
EndProject
Project("{2150E333-8FDC-42A3-9474-1A3956D46DE8}") = "workers", "workers", "{9EBDB40D-68F7-451A-B3F8-6EBDC4591EE9}"
EndProject
Project("{9A19103F-16F7-4668-BE54-9A1E7A4F7556}") = "x32ProcessModules", "x32ProcessModules\x32ProcessModules.csproj", "{B4C97176-61D5-4314-981E-384B9C1D8ED4}"
EndProject
Project("{2150E333-8FDC-42A3-9474-1A3956D46DE8}") = "devoloper projects", "devoloper projects", "{258775F5-81DD-4FF8-833D-51869F099895}"
EndProject
Project("{9A19103F-16F7-4668-BE54-9A1E7A4F7556}") = "TiWorker", "TiWorker\TiWorker.csproj", "{0EA1302A-6007-42D9-91DB-AEE47D90EC8B}"
EndProject
Project("{FAE04EC0-301F-11D3-BF4B-00C04F79EFBC}") = "GetFileSHA3", "GetFileSHA3\GetFileSHA3.csproj", "{DDEE9076-76A4-449E-80A9-DF0266F271AE}"
EndProject
Project("{FAE04EC0-301F-11D3-BF4B-00C04F79EFBC}") = "Test", "Test\Test.csproj", "{64060EFC-601D-41E6-BA14-AD1DA5C2D2F4}"
EndProject
Global
	GlobalSection(SolutionConfigurationPlatforms) = preSolution
		Debug|Any CPU = Debug|Any CPU
		Debug|x64 = Debug|x64
		Debug|x86 = Debug|x86
		Release|Any CPU = Release|Any CPU
		Release|x64 = Release|x64
		Release|x86 = Release|x86
	EndGlobalSection
	GlobalSection(ProjectConfigurationPlatforms) = postSolution
		{8B4D5631-4E87-462C-8B79-CC2798135D79}.Debug|Any CPU.ActiveCfg = Debug|Any CPU
		{8B4D5631-4E87-462C-8B79-CC2798135D79}.Debug|Any CPU.Build.0 = Debug|Any CPU
		{8B4D5631-4E87-462C-8B79-CC2798135D79}.Debug|x64.ActiveCfg = Debug|x64
		{8B4D5631-4E87-462C-8B79-CC2798135D79}.Debug|x64.Build.0 = Debug|x64
		{8B4D5631-4E87-462C-8B79-CC2798135D79}.Debug|x86.ActiveCfg = Debug|x86
		{8B4D5631-4E87-462C-8B79-CC2798135D79}.Debug|x86.Build.0 = Debug|x86
		{8B4D5631-4E87-462C-8B79-CC2798135D79}.Release|Any CPU.ActiveCfg = Release|Any CPU
		{8B4D5631-4E87-462C-8B79-CC2798135D79}.Release|Any CPU.Build.0 = Release|Any CPU
		{8B4D5631-4E87-462C-8B79-CC2798135D79}.Release|x64.ActiveCfg = Release|x64
		{8B4D5631-4E87-462C-8B79-CC2798135D79}.Release|x64.Build.0 = Release|x64
		{8B4D5631-4E87-462C-8B79-CC2798135D79}.Release|x86.ActiveCfg = Release|x86
		{8B4D5631-4E87-462C-8B79-CC2798135D79}.Release|x86.Build.0 = Release|x86
		{854EE189-1AB9-4BAC-B3E3-A8C45AA4197D}.Debug|Any CPU.ActiveCfg = Debug|Any CPU
		{854EE189-1AB9-4BAC-B3E3-A8C45AA4197D}.Debug|Any CPU.Build.0 = Debug|Any CPU
		{854EE189-1AB9-4BAC-B3E3-A8C45AA4197D}.Debug|x64.ActiveCfg = Debug|x64
		{854EE189-1AB9-4BAC-B3E3-A8C45AA4197D}.Debug|x64.Build.0 = Debug|x64
		{854EE189-1AB9-4BAC-B3E3-A8C45AA4197D}.Debug|x86.ActiveCfg = Debug|x86
		{854EE189-1AB9-4BAC-B3E3-A8C45AA4197D}.Debug|x86.Build.0 = Debug|x86
		{854EE189-1AB9-4BAC-B3E3-A8C45AA4197D}.Release|Any CPU.ActiveCfg = Release|Any CPU
		{854EE189-1AB9-4BAC-B3E3-A8C45AA4197D}.Release|Any CPU.Build.0 = Release|Any CPU
		{854EE189-1AB9-4BAC-B3E3-A8C45AA4197D}.Release|x64.ActiveCfg = Release|x64
		{854EE189-1AB9-4BAC-B3E3-A8C45AA4197D}.Release|x64.Build.0 = Release|x64
		{854EE189-1AB9-4BAC-B3E3-A8C45AA4197D}.Release|x86.ActiveCfg = Release|x86
		{854EE189-1AB9-4BAC-B3E3-A8C45AA4197D}.Release|x86.Build.0 = Release|x86
		{EAC06E50-9817-41BE-BFEB-1AC58D0EA2ED}.Debug|Any CPU.ActiveCfg = Debug|Any CPU
		{EAC06E50-9817-41BE-BFEB-1AC58D0EA2ED}.Debug|Any CPU.Build.0 = Debug|Any CPU
		{EAC06E50-9817-41BE-BFEB-1AC58D0EA2ED}.Debug|x64.ActiveCfg = Debug|x64
		{EAC06E50-9817-41BE-BFEB-1AC58D0EA2ED}.Debug|x64.Build.0 = Debug|x64
		{EAC06E50-9817-41BE-BFEB-1AC58D0EA2ED}.Debug|x86.ActiveCfg = Debug|x86
		{EAC06E50-9817-41BE-BFEB-1AC58D0EA2ED}.Debug|x86.Build.0 = Debug|x86
		{EAC06E50-9817-41BE-BFEB-1AC58D0EA2ED}.Release|Any CPU.ActiveCfg = Release|Any CPU
		{EAC06E50-9817-41BE-BFEB-1AC58D0EA2ED}.Release|Any CPU.Build.0 = Release|Any CPU
		{EAC06E50-9817-41BE-BFEB-1AC58D0EA2ED}.Release|x64.ActiveCfg = Release|x64
		{EAC06E50-9817-41BE-BFEB-1AC58D0EA2ED}.Release|x64.Build.0 = Release|x64
		{EAC06E50-9817-41BE-BFEB-1AC58D0EA2ED}.Release|x86.ActiveCfg = Release|x86
		{EAC06E50-9817-41BE-BFEB-1AC58D0EA2ED}.Release|x86.Build.0 = Release|x86
		{B4C97176-61D5-4314-981E-384B9C1D8ED4}.Debug|Any CPU.ActiveCfg = Debug|Any CPU
		{B4C97176-61D5-4314-981E-384B9C1D8ED4}.Debug|Any CPU.Build.0 = Debug|Any CPU
		{B4C97176-61D5-4314-981E-384B9C1D8ED4}.Debug|x64.ActiveCfg = Debug|Any CPU
		{B4C97176-61D5-4314-981E-384B9C1D8ED4}.Debug|x64.Build.0 = Debug|Any CPU
		{B4C97176-61D5-4314-981E-384B9C1D8ED4}.Debug|x86.ActiveCfg = Debug|Any CPU
		{B4C97176-61D5-4314-981E-384B9C1D8ED4}.Debug|x86.Build.0 = Debug|Any CPU
		{B4C97176-61D5-4314-981E-384B9C1D8ED4}.Release|Any CPU.ActiveCfg = Release|Any CPU
		{B4C97176-61D5-4314-981E-384B9C1D8ED4}.Release|Any CPU.Build.0 = Release|Any CPU
		{B4C97176-61D5-4314-981E-384B9C1D8ED4}.Release|x64.ActiveCfg = Release|Any CPU
		{B4C97176-61D5-4314-981E-384B9C1D8ED4}.Release|x64.Build.0 = Release|Any CPU
		{B4C97176-61D5-4314-981E-384B9C1D8ED4}.Release|x86.ActiveCfg = Release|Any CPU
		{B4C97176-61D5-4314-981E-384B9C1D8ED4}.Release|x86.Build.0 = Release|Any CPU
		{0EA1302A-6007-42D9-91DB-AEE47D90EC8B}.Debug|Any CPU.ActiveCfg = Debug|Any CPU
		{0EA1302A-6007-42D9-91DB-AEE47D90EC8B}.Debug|Any CPU.Build.0 = Debug|Any CPU
		{0EA1302A-6007-42D9-91DB-AEE47D90EC8B}.Debug|x64.ActiveCfg = Debug|Any CPU
		{0EA1302A-6007-42D9-91DB-AEE47D90EC8B}.Debug|x64.Build.0 = Debug|Any CPU
		{0EA1302A-6007-42D9-91DB-AEE47D90EC8B}.Debug|x86.ActiveCfg = Debug|Any CPU
		{0EA1302A-6007-42D9-91DB-AEE47D90EC8B}.Debug|x86.Build.0 = Debug|Any CPU
		{0EA1302A-6007-42D9-91DB-AEE47D90EC8B}.Release|Any CPU.ActiveCfg = Release|Any CPU
		{0EA1302A-6007-42D9-91DB-AEE47D90EC8B}.Release|Any CPU.Build.0 = Release|Any CPU
		{0EA1302A-6007-42D9-91DB-AEE47D90EC8B}.Release|x64.ActiveCfg = Release|Any CPU
		{0EA1302A-6007-42D9-91DB-AEE47D90EC8B}.Release|x64.Build.0 = Release|Any CPU
		{0EA1302A-6007-42D9-91DB-AEE47D90EC8B}.Release|x86.ActiveCfg = Release|Any CPU
		{0EA1302A-6007-42D9-91DB-AEE47D90EC8B}.Release|x86.Build.0 = Release|Any CPU
		{DDEE9076-76A4-449E-80A9-DF0266F271AE}.Debug|Any CPU.ActiveCfg = Debug|Any CPU
		{DDEE9076-76A4-449E-80A9-DF0266F271AE}.Debug|Any CPU.Build.0 = Debug|Any CPU
		{DDEE9076-76A4-449E-80A9-DF0266F271AE}.Debug|x64.ActiveCfg = Debug|Any CPU
		{DDEE9076-76A4-449E-80A9-DF0266F271AE}.Debug|x64.Build.0 = Debug|Any CPU
		{DDEE9076-76A4-449E-80A9-DF0266F271AE}.Debug|x86.ActiveCfg = Debug|Any CPU
		{DDEE9076-76A4-449E-80A9-DF0266F271AE}.Debug|x86.Build.0 = Debug|Any CPU
		{DDEE9076-76A4-449E-80A9-DF0266F271AE}.Release|Any CPU.ActiveCfg = Release|Any CPU
		{DDEE9076-76A4-449E-80A9-DF0266F271AE}.Release|Any CPU.Build.0 = Release|Any CPU
		{DDEE9076-76A4-449E-80A9-DF0266F271AE}.Release|x64.ActiveCfg = Release|Any CPU
		{DDEE9076-76A4-449E-80A9-DF0266F271AE}.Release|x64.Build.0 = Release|Any CPU
		{DDEE9076-76A4-449E-80A9-DF0266F271AE}.Release|x86.ActiveCfg = Release|Any CPU
		{DDEE9076-76A4-449E-80A9-DF0266F271AE}.Release|x86.Build.0 = Release|Any CPU
		{64060EFC-601D-41E6-BA14-AD1DA5C2D2F4}.Debug|Any CPU.ActiveCfg = Debug|Any CPU
		{64060EFC-601D-41E6-BA14-AD1DA5C2D2F4}.Debug|Any CPU.Build.0 = Debug|Any CPU
		{64060EFC-601D-41E6-BA14-AD1DA5C2D2F4}.Debug|x64.ActiveCfg = Debug|Any CPU
		{64060EFC-601D-41E6-BA14-AD1DA5C2D2F4}.Debug|x64.Build.0 = Debug|Any CPU
		{64060EFC-601D-41E6-BA14-AD1DA5C2D2F4}.Debug|x86.ActiveCfg = Debug|Any CPU
		{64060EFC-601D-41E6-BA14-AD1DA5C2D2F4}.Debug|x86.Build.0 = Debug|Any CPU
		{64060EFC-601D-41E6-BA14-AD1DA5C2D2F4}.Release|Any CPU.ActiveCfg = Release|Any CPU
		{64060EFC-601D-41E6-BA14-AD1DA5C2D2F4}.Release|Any CPU.Build.0 = Release|Any CPU
		{64060EFC-601D-41E6-BA14-AD1DA5C2D2F4}.Release|x64.ActiveCfg = Release|Any CPU
		{64060EFC-601D-41E6-BA14-AD1DA5C2D2F4}.Release|x64.Build.0 = Release|Any CPU
		{64060EFC-601D-41E6-BA14-AD1DA5C2D2F4}.Release|x86.ActiveCfg = Release|Any CPU
		{64060EFC-601D-41E6-BA14-AD1DA5C2D2F4}.Release|x86.Build.0 = Release|Any CPU
	EndGlobalSection
	GlobalSection(SolutionProperties) = preSolution
		HideSolutionNode = FALSE
	EndGlobalSection
	GlobalSection(NestedProjects) = preSolution
		{854EE189-1AB9-4BAC-B3E3-A8C45AA4197D} = {258775F5-81DD-4FF8-833D-51869F099895}
		{B4C97176-61D5-4314-981E-384B9C1D8ED4} = {9EBDB40D-68F7-451A-B3F8-6EBDC4591EE9}
		{0EA1302A-6007-42D9-91DB-AEE47D90EC8B} = {9EBDB40D-68F7-451A-B3F8-6EBDC4591EE9}
		{DDEE9076-76A4-449E-80A9-DF0266F271AE} = {258775F5-81DD-4FF8-833D-51869F099895}
		{64060EFC-601D-41E6-BA14-AD1DA5C2D2F4} = {258775F5-81DD-4FF8-833D-51869F099895}
	EndGlobalSection
	GlobalSection(ExtensibilityGlobals) = postSolution
		SolutionGuid = {7CE44CFA-FB05-4EE0-8B7A-3A73C61A2305}
	EndGlobalSection
EndGlobal
